
Microsoft Visual Studio Solution File, Format Version 12.00
# Visual Studio Version 17
VisualStudioVersion = 17.14.36109.1 d17.14
MinimumVisualStudioVersion = 10.0.40219.1
Project("{FAE04EC0-301F-11D3-BF4B-00C04F79EFBC}") = "ExportToEkahau", "ExportToEkahau\ExportToEkahau.csproj", "{A64C973A-558E-4DE4-A0A1-5C6E9008C28D}"
EndProject
Global
	GlobalSection(SolutionConfigurationPlatforms) = preSolution
		Debug|Any CPU = Debug|Any CPU
		Release|Any CPU = Release|Any CPU
	EndGlobalSection
	GlobalSection(ProjectConfigurationPlatforms) = postSolution
		{A64C973A-558E-4DE4-A0A1-5C6E9008C28D}.Debug|Any CPU.ActiveCfg = Debug|Any CPU
		{A64C973A-558E-4DE4-A0A1-5C6E9008C28D}.Debug|Any CPU.Build.0 = Debug|Any CPU
		{A64C973A-558E-4DE4-A0A1-5C6E9008C28D}.Release|Any CPU.ActiveCfg = Release|Any CPU
		{A64C973A-558E-4DE4-A0A1-5C6E9008C28D}.Release|Any CPU.Build.0 = Release|Any CPU
	EndGlobalSection
	GlobalSection(SolutionProperties) = preSolution
		HideSolutionNode = FALSE
	EndGlobalSection
	GlobalSection(ExtensibilityGlobals) = postSolution
		SolutionGuid = {0121EBD6-4168-4C7A-9D3A-89D431AE3387}
	EndGlobalSection
EndGlobal
