Microsoft Visual Studio Solution File, Format Version 12.00
# Visual Studio Version 17
VisualStudioVersion = 17.5.2.0
MinimumVisualStudioVersion = 10.0.40219.1
Project("{FAE04EC0-301F-11D3-BF4B-00C04F79EFBC}") = "PluginTests", "PluginTests.csproj", "{85B7621E-A667-EE7D-E79E-5F404CD97C9D}"
EndProject
Global
	GlobalSection(SolutionConfigurationPlatforms) = preSolution
		Debug|Any CPU = Debug|Any CPU
		Release|Any CPU = Release|Any CPU
	EndGlobalSection
	GlobalSection(ProjectConfigurationPlatforms) = postSolution
		{85B7621E-A667-EE7D-E79E-5F404CD97C9D}.Debug|Any CPU.ActiveCfg = Debug|Any CPU
		{85B7621E-A667-EE7D-E79E-5F404CD97C9D}.Debug|Any CPU.Build.0 = Debug|Any CPU
		{85B7621E-A667-EE7D-E79E-5F404CD97C9D}.Release|Any CPU.ActiveCfg = Release|Any CPU
		{85B7621E-A667-EE7D-E79E-5F404CD97C9D}.Release|Any CPU.Build.0 = Release|Any CPU
	EndGlobalSection
	GlobalSection(SolutionProperties) = preSolution
		HideSolutionNode = FALSE
	EndGlobalSection
	GlobalSection(ExtensibilityGlobals) = postSolution
		SolutionGuid = {4707E3D7-2163-48D5-AB12-C6609A97227B}
	EndGlobalSection
EndGlobal
